# Generated by pub
# See http://pub.dartlang.org/doc/glossary.html#lockfile
packages:
  benchmark_harness:
    description: benchmark_harness
    source: hosted
    version: "1.0.3"
  browser:
    description: browser
    source: hosted
    version: "0.9.1"
  vector_math:
    description:
      ref: null
      resolved-ref: "892bd9bb9daaea78865314ed35374bfead8d7c5c"
      url: "https://github.com/johnmccutchan/vector_math.git"
    source: git
    version: "1.4.2"
